
Microsoft Visual Studio Solution File, Format Version 12.00
# Visual Studio 15
VisualStudioVersion = 15.0.27130.2036
MinimumVisualStudioVersion = 10.0.40219.1
Project("{9A19103F-16F7-4668-BE54-9A1E7A4F7556}") = "PixelBattles.Server.Silo", "src\PixelBattles.Server.Silo\PixelBattles.Server.Silo.csproj", "{3B8EA5CF-F508-435E-B826-93AB9A1B08B9}"
EndProject
Project("{FAE04EC0-301F-11D3-BF4B-00C04F79EFBC}") = "PixelBattles.Server.Grains.Abstractions", "src\PixelBattles.Server.Grains.Abstractions\PixelBattles.Server.Grains.Abstractions.csproj", "{C5386662-376A-43D8-860B-BBF2CDF8E133}"
EndProject
Project("{FAE04EC0-301F-11D3-BF4B-00C04F79EFBC}") = "PixelBattles.Server.Grains", "src\PixelBattles.Server.Grains\PixelBattles.Server.Grains.csproj", "{BCCD4C2C-A258-458D-9AF1-A846DE0C2EE4}"
EndProject
Project("{2150E333-8FDC-42A3-9474-1A3956D46DE8}") = "src", "src", "{F5972258-F80D-42C0-90B8-88A59FA8E9D9}"
EndProject
Global
	GlobalSection(SolutionConfigurationPlatforms) = preSolution
		Debug|Any CPU = Debug|Any CPU
		Release|Any CPU = Release|Any CPU
	EndGlobalSection
	GlobalSection(ProjectConfigurationPlatforms) = postSolution
		{3B8EA5CF-F508-435E-B826-93AB9A1B08B9}.Debug|Any CPU.ActiveCfg = Debug|Any CPU
		{3B8EA5CF-F508-435E-B826-93AB9A1B08B9}.Debug|Any CPU.Build.0 = Debug|Any CPU
		{3B8EA5CF-F508-435E-B826-93AB9A1B08B9}.Release|Any CPU.ActiveCfg = Release|Any CPU
		{3B8EA5CF-F508-435E-B826-93AB9A1B08B9}.Release|Any CPU.Build.0 = Release|Any CPU
		{C5386662-376A-43D8-860B-BBF2CDF8E133}.Debug|Any CPU.ActiveCfg = Debug|Any CPU
		{C5386662-376A-43D8-860B-BBF2CDF8E133}.Debug|Any CPU.Build.0 = Debug|Any CPU
		{C5386662-376A-43D8-860B-BBF2CDF8E133}.Release|Any CPU.ActiveCfg = Release|Any CPU
		{C5386662-376A-43D8-860B-BBF2CDF8E133}.Release|Any CPU.Build.0 = Release|Any CPU
		{BCCD4C2C-A258-458D-9AF1-A846DE0C2EE4}.Debug|Any CPU.ActiveCfg = Debug|Any CPU
		{BCCD4C2C-A258-458D-9AF1-A846DE0C2EE4}.Debug|Any CPU.Build.0 = Debug|Any CPU
		{BCCD4C2C-A258-458D-9AF1-A846DE0C2EE4}.Release|Any CPU.ActiveCfg = Release|Any CPU
		{BCCD4C2C-A258-458D-9AF1-A846DE0C2EE4}.Release|Any CPU.Build.0 = Release|Any CPU
	EndGlobalSection
	GlobalSection(SolutionProperties) = preSolution
		HideSolutionNode = FALSE
	EndGlobalSection
	GlobalSection(NestedProjects) = preSolution
		{3B8EA5CF-F508-435E-B826-93AB9A1B08B9} = {F5972258-F80D-42C0-90B8-88A59FA8E9D9}
		{C5386662-376A-43D8-860B-BBF2CDF8E133} = {F5972258-F80D-42C0-90B8-88A59FA8E9D9}
		{BCCD4C2C-A258-458D-9AF1-A846DE0C2EE4} = {F5972258-F80D-42C0-90B8-88A59FA8E9D9}
	EndGlobalSection
	GlobalSection(ExtensibilityGlobals) = postSolution
		SolutionGuid = {1CED2B5C-9F0D-4EE5-8A09-31AAC0629C79}
	EndGlobalSection
EndGlobal
