
Microsoft Visual Studio Solution File, Format Version 12.00
# Visual Studio 15
VisualStudioVersion = 15.0.27130.2036
MinimumVisualStudioVersion = 10.0.40219.1
Project("{2150E333-8FDC-42A3-9474-1A3956D46DE8}") = "src", "src", "{F5972258-F80D-42C0-90B8-88A59FA8E9D9}"
EndProject
Project("{9A19103F-16F7-4668-BE54-9A1E7A4F7556}") = "PixelBattles.Chunkler.Grains", "src\PixelBattles.Chunkler.Grains\PixelBattles.Chunkler.Grains.csproj", "{65710CC9-D7C3-4A9D-9FE2-7725EE390CC8}"
EndProject
Project("{9A19103F-16F7-4668-BE54-9A1E7A4F7556}") = "PixelBattles.Chunkler.Client", "src\PixelBattles.Chunkler.Client\PixelBattles.Chunkler.Client.csproj", "{5303C638-7DC0-4A8E-BA2C-D730E466871B}"
EndProject
Project("{2150E333-8FDC-42A3-9474-1A3956D46DE8}") = "test", "test", "{3BDEC142-309A-4CFC-97C5-7A4DFD121980}"
EndProject
Project("{9A19103F-16F7-4668-BE54-9A1E7A4F7556}") = "PixelBattles.Chunkler.Abstractions", "src\PixelBattles.Chunkler.Abstractions\PixelBattles.Chunkler.Abstractions.csproj", "{B42F89AE-99DD-4102-9FAF-9629D03FE7CD}"
EndProject
Project("{9A19103F-16F7-4668-BE54-9A1E7A4F7556}") = "PixelBattles.Chunkler.Hosting", "src\PixelBattles.Chunkler.Hosting\PixelBattles.Chunkler.Hosting.csproj", "{A2177CC2-5A6C-44EC-8FD3-A8DF459F31B4}"
EndProject
Project("{9A19103F-16F7-4668-BE54-9A1E7A4F7556}") = "PixelBattles.Chunkler.Client.Tests", "test\PixelBattles.Chunkler.Client\PixelBattles.Chunkler.Client.Tests.csproj", "{68535592-73E9-45BA-A952-B43025D23DDE}"
EndProject
Project("{FAE04EC0-301F-11D3-BF4B-00C04F79EFBC}") = "PixelBattles.Chunkler.Grains.Tests", "test\PixelBattles.Chunkler.Grains.Tests\PixelBattles.Chunkler.Grains.Tests.csproj", "{ABE7F176-D4C4-4C9D-9CA6-B6DEB398F18B}"
EndProject
Global
	GlobalSection(SolutionConfigurationPlatforms) = preSolution
		Debug|Any CPU = Debug|Any CPU
		Release|Any CPU = Release|Any CPU
	EndGlobalSection
	GlobalSection(ProjectConfigurationPlatforms) = postSolution
		{65710CC9-D7C3-4A9D-9FE2-7725EE390CC8}.Debug|Any CPU.ActiveCfg = Debug|Any CPU
		{65710CC9-D7C3-4A9D-9FE2-7725EE390CC8}.Debug|Any CPU.Build.0 = Debug|Any CPU
		{65710CC9-D7C3-4A9D-9FE2-7725EE390CC8}.Release|Any CPU.ActiveCfg = Release|Any CPU
		{65710CC9-D7C3-4A9D-9FE2-7725EE390CC8}.Release|Any CPU.Build.0 = Release|Any CPU
		{5303C638-7DC0-4A8E-BA2C-D730E466871B}.Debug|Any CPU.ActiveCfg = Debug|Any CPU
		{5303C638-7DC0-4A8E-BA2C-D730E466871B}.Debug|Any CPU.Build.0 = Debug|Any CPU
		{5303C638-7DC0-4A8E-BA2C-D730E466871B}.Release|Any CPU.ActiveCfg = Release|Any CPU
		{5303C638-7DC0-4A8E-BA2C-D730E466871B}.Release|Any CPU.Build.0 = Release|Any CPU
		{B42F89AE-99DD-4102-9FAF-9629D03FE7CD}.Debug|Any CPU.ActiveCfg = Debug|Any CPU
		{B42F89AE-99DD-4102-9FAF-9629D03FE7CD}.Debug|Any CPU.Build.0 = Debug|Any CPU
		{B42F89AE-99DD-4102-9FAF-9629D03FE7CD}.Release|Any CPU.ActiveCfg = Release|Any CPU
		{B42F89AE-99DD-4102-9FAF-9629D03FE7CD}.Release|Any CPU.Build.0 = Release|Any CPU
		{A2177CC2-5A6C-44EC-8FD3-A8DF459F31B4}.Debug|Any CPU.ActiveCfg = Debug|Any CPU
		{A2177CC2-5A6C-44EC-8FD3-A8DF459F31B4}.Debug|Any CPU.Build.0 = Debug|Any CPU
		{A2177CC2-5A6C-44EC-8FD3-A8DF459F31B4}.Release|Any CPU.ActiveCfg = Release|Any CPU
		{A2177CC2-5A6C-44EC-8FD3-A8DF459F31B4}.Release|Any CPU.Build.0 = Release|Any CPU
		{68535592-73E9-45BA-A952-B43025D23DDE}.Debug|Any CPU.ActiveCfg = Debug|Any CPU
		{68535592-73E9-45BA-A952-B43025D23DDE}.Debug|Any CPU.Build.0 = Debug|Any CPU
		{68535592-73E9-45BA-A952-B43025D23DDE}.Release|Any CPU.ActiveCfg = Release|Any CPU
		{68535592-73E9-45BA-A952-B43025D23DDE}.Release|Any CPU.Build.0 = Release|Any CPU
		{ABE7F176-D4C4-4C9D-9CA6-B6DEB398F18B}.Debug|Any CPU.ActiveCfg = Debug|Any CPU
		{ABE7F176-D4C4-4C9D-9CA6-B6DEB398F18B}.Debug|Any CPU.Build.0 = Debug|Any CPU
		{ABE7F176-D4C4-4C9D-9CA6-B6DEB398F18B}.Release|Any CPU.ActiveCfg = Release|Any CPU
		{ABE7F176-D4C4-4C9D-9CA6-B6DEB398F18B}.Release|Any CPU.Build.0 = Release|Any CPU
	EndGlobalSection
	GlobalSection(SolutionProperties) = preSolution
		HideSolutionNode = FALSE
	EndGlobalSection
	GlobalSection(NestedProjects) = preSolution
		{65710CC9-D7C3-4A9D-9FE2-7725EE390CC8} = {F5972258-F80D-42C0-90B8-88A59FA8E9D9}
		{5303C638-7DC0-4A8E-BA2C-D730E466871B} = {F5972258-F80D-42C0-90B8-88A59FA8E9D9}
		{B42F89AE-99DD-4102-9FAF-9629D03FE7CD} = {F5972258-F80D-42C0-90B8-88A59FA8E9D9}
		{A2177CC2-5A6C-44EC-8FD3-A8DF459F31B4} = {F5972258-F80D-42C0-90B8-88A59FA8E9D9}
		{68535592-73E9-45BA-A952-B43025D23DDE} = {3BDEC142-309A-4CFC-97C5-7A4DFD121980}
		{ABE7F176-D4C4-4C9D-9CA6-B6DEB398F18B} = {3BDEC142-309A-4CFC-97C5-7A4DFD121980}
	EndGlobalSection
	GlobalSection(ExtensibilityGlobals) = postSolution
		SolutionGuid = {1CED2B5C-9F0D-4EE5-8A09-31AAC0629C79}
	EndGlobalSection
EndGlobal
